
Microsoft Visual Studio Solution File, Format Version 12.00
# Visual Studio 15
VisualStudioVersion = 15.0.27130.2026
MinimumVisualStudioVersion = 10.0.40219.1
Project("{FAE04EC0-301F-11D3-BF4B-00C04F79EFBC}") = "VRMLoader", "VRMLoader.csproj", "{33D5EADB-2706-4F00-A48D-5D4E940341EE}"
EndProject
Global
	GlobalSection(SolutionConfigurationPlatforms) = preSolution
		Debug|Any CPU = Debug|Any CPU
		Release|Any CPU = Release|Any CPU
	EndGlobalSection
	GlobalSection(ProjectConfigurationPlatforms) = postSolution
		{33D5EADB-2706-4F00-A48D-5D4E940341EE}.Debug|Any CPU.ActiveCfg = Debug|Any CPU
		{33D5EADB-2706-4F00-A48D-5D4E940341EE}.Debug|Any CPU.Build.0 = Debug|Any CPU
		{33D5EADB-2706-4F00-A48D-5D4E940341EE}.Release|Any CPU.ActiveCfg = Release|Any CPU
		{33D5EADB-2706-4F00-A48D-5D4E940341EE}.Release|Any CPU.Build.0 = Release|Any CPU
	EndGlobalSection
	GlobalSection(SolutionProperties) = preSolution
		HideSolutionNode = FALSE
	EndGlobalSection
	GlobalSection(ExtensibilityGlobals) = postSolution
		SolutionGuid = {BB1E5B75-26F9-4F2B-930B-508C014581DC}
	EndGlobalSection
EndGlobal
